
Microsoft Visual Studio Solution File, Format Version 12.00
# Visual Studio Version 17
VisualStudioVersion = 17.11.35312.102
MinimumVisualStudioVersion = 10.0.40219.1
Project("{FAE04EC0-301F-11D3-BF4B-00C04F79EFBC}") = "Main", "Main\Main.csproj", "{5A0D8FDC-95F9-4F4D-B1C7-E9AEE5BC768B}"
EndProject
Global
	GlobalSection(SolutionConfigurationPlatforms) = preSolution
		Debug|Any CPU = Debug|Any CPU
		Release|Any CPU = Release|Any CPU
	EndGlobalSection
	GlobalSection(ProjectConfigurationPlatforms) = postSolution
		{5A0D8FDC-95F9-4F4D-B1C7-E9AEE5BC768B}.Debug|Any CPU.ActiveCfg = Debug|Any CPU
		{5A0D8FDC-95F9-4F4D-B1C7-E9AEE5BC768B}.Debug|Any CPU.Build.0 = Debug|Any CPU
		{5A0D8FDC-95F9-4F4D-B1C7-E9AEE5BC768B}.Release|Any CPU.ActiveCfg = Release|Any CPU
		{5A0D8FDC-95F9-4F4D-B1C7-E9AEE5BC768B}.Release|Any CPU.Build.0 = Release|Any CPU
	EndGlobalSection
	GlobalSection(SolutionProperties) = preSolution
		HideSolutionNode = FALSE
	EndGlobalSection
	GlobalSection(ExtensibilityGlobals) = postSolution
		SolutionGuid = {6304BE7D-B885-453C-87E2-6FD5E318212B}
	EndGlobalSection
EndGlobal
